
Microsoft Visual Studio Solution File, Format Version 12.00
# Visual Studio Version 17
VisualStudioVersion = 17.10.35122.118
MinimumVisualStudioVersion = 10.0.40219.1
Project("{9A19103F-16F7-4668-BE54-9A1E7A4F7556}") = "MementoPattern", "MementoPattern\MementoPattern.csproj", "{6BBBEFAE-EFAE-423B-9C58-084B475961D4}"
EndProject
Project("{9A19103F-16F7-4668-BE54-9A1E7A4F7556}") = "StatePattern", "StatePattern\StatePattern.csproj", "{4D03D40A-C9C7-464A-9C6F-2763F5631734}"
EndProject
Project("{9A19103F-16F7-4668-BE54-9A1E7A4F7556}") = "IteratorPattern", "IteratorPattern\IteratorPattern.csproj", "{AEDC83A7-250D-4D51-8018-FC147F4FD19C}"
EndProject
Project("{9A19103F-16F7-4668-BE54-9A1E7A4F7556}") = "StrategyPattern", "StrategyPattern\StrategyPattern.csproj", "{F0B3B68B-974B-4561-99B2-ED51C9F0B23F}"
EndProject
Project("{9A19103F-16F7-4668-BE54-9A1E7A4F7556}") = "TemplateMethodPattern", "TemplateMethodPattern\TemplateMethodPattern.csproj", "{DC7F546D-70A0-42C1-A0CD-1BF05CB8FF72}"
EndProject
Project("{9A19103F-16F7-4668-BE54-9A1E7A4F7556}") = "CommandPattern", "CommandPattern\CommandPattern.csproj", "{A69A46D4-DAE2-4F91-802A-4A45C7161F84}"
EndProject
Project("{9A19103F-16F7-4668-BE54-9A1E7A4F7556}") = "ObserverPattern", "ObserverPattern\ObserverPattern.csproj", "{60FB41B2-D205-450E-A1A2-B8D2E1D4C18C}"
EndProject
Project("{9A19103F-16F7-4668-BE54-9A1E7A4F7556}") = "MediatorPattern", "MediatorPattern\MediatorPattern.csproj", "{A2F4E163-F7FB-4269-8745-6782D411160F}"
EndProject
Project("{9A19103F-16F7-4668-BE54-9A1E7A4F7556}") = "ChainOfResponsibilityPattern", "ChainOfResponsibilityPattern\ChainOfResponsibilityPattern.csproj", "{EDC07E4E-E7F5-4347-898D-E826C1A9ED9B}"
EndProject
Project("{9A19103F-16F7-4668-BE54-9A1E7A4F7556}") = "VisitorDesignPattern", "VisitorDesignPattern\VisitorDesignPattern.csproj", "{ED4620B8-D87F-4590-8C32-17D64DDD713B}"
EndProject
Project("{2150E333-8FDC-42A3-9474-1A3956D46DE8}") = "Behavioral design patterns", "Behavioral design patterns", "{F3770A7C-B1F6-4FA2-9489-4EBCEF40F591}"
EndProject
Project("{2150E333-8FDC-42A3-9474-1A3956D46DE8}") = "Structural design pattern", "Structural design pattern", "{6DD21C98-DD44-4EE7-A08E-D14D79D0270B}"
EndProject
Project("{FAE04EC0-301F-11D3-BF4B-00C04F79EFBC}") = "CompositePattern", "Structural design pattens\CompositePattern\CompositePattern.csproj", "{007C5AA4-5E1C-43FE-8477-87862DA9F094}"
EndProject
Global
	GlobalSection(SolutionConfigurationPlatforms) = preSolution
		Debug|Any CPU = Debug|Any CPU
		Release|Any CPU = Release|Any CPU
	EndGlobalSection
	GlobalSection(ProjectConfigurationPlatforms) = postSolution
		{6BBBEFAE-EFAE-423B-9C58-084B475961D4}.Debug|Any CPU.ActiveCfg = Debug|Any CPU
		{6BBBEFAE-EFAE-423B-9C58-084B475961D4}.Debug|Any CPU.Build.0 = Debug|Any CPU
		{6BBBEFAE-EFAE-423B-9C58-084B475961D4}.Release|Any CPU.ActiveCfg = Release|Any CPU
		{6BBBEFAE-EFAE-423B-9C58-084B475961D4}.Release|Any CPU.Build.0 = Release|Any CPU
		{4D03D40A-C9C7-464A-9C6F-2763F5631734}.Debug|Any CPU.ActiveCfg = Debug|Any CPU
		{4D03D40A-C9C7-464A-9C6F-2763F5631734}.Debug|Any CPU.Build.0 = Debug|Any CPU
		{4D03D40A-C9C7-464A-9C6F-2763F5631734}.Release|Any CPU.ActiveCfg = Release|Any CPU
		{4D03D40A-C9C7-464A-9C6F-2763F5631734}.Release|Any CPU.Build.0 = Release|Any CPU
		{AEDC83A7-250D-4D51-8018-FC147F4FD19C}.Debug|Any CPU.ActiveCfg = Debug|Any CPU
		{AEDC83A7-250D-4D51-8018-FC147F4FD19C}.Debug|Any CPU.Build.0 = Debug|Any CPU
		{AEDC83A7-250D-4D51-8018-FC147F4FD19C}.Release|Any CPU.ActiveCfg = Release|Any CPU
		{AEDC83A7-250D-4D51-8018-FC147F4FD19C}.Release|Any CPU.Build.0 = Release|Any CPU
		{F0B3B68B-974B-4561-99B2-ED51C9F0B23F}.Debug|Any CPU.ActiveCfg = Debug|Any CPU
		{F0B3B68B-974B-4561-99B2-ED51C9F0B23F}.Debug|Any CPU.Build.0 = Debug|Any CPU
		{F0B3B68B-974B-4561-99B2-ED51C9F0B23F}.Release|Any CPU.ActiveCfg = Release|Any CPU
		{F0B3B68B-974B-4561-99B2-ED51C9F0B23F}.Release|Any CPU.Build.0 = Release|Any CPU
		{DC7F546D-70A0-42C1-A0CD-1BF05CB8FF72}.Debug|Any CPU.ActiveCfg = Debug|Any CPU
		{DC7F546D-70A0-42C1-A0CD-1BF05CB8FF72}.Debug|Any CPU.Build.0 = Debug|Any CPU
		{DC7F546D-70A0-42C1-A0CD-1BF05CB8FF72}.Release|Any CPU.ActiveCfg = Release|Any CPU
		{DC7F546D-70A0-42C1-A0CD-1BF05CB8FF72}.Release|Any CPU.Build.0 = Release|Any CPU
		{A69A46D4-DAE2-4F91-802A-4A45C7161F84}.Debug|Any CPU.ActiveCfg = Debug|Any CPU
		{A69A46D4-DAE2-4F91-802A-4A45C7161F84}.Debug|Any CPU.Build.0 = Debug|Any CPU
		{A69A46D4-DAE2-4F91-802A-4A45C7161F84}.Release|Any CPU.ActiveCfg = Release|Any CPU
		{A69A46D4-DAE2-4F91-802A-4A45C7161F84}.Release|Any CPU.Build.0 = Release|Any CPU
		{60FB41B2-D205-450E-A1A2-B8D2E1D4C18C}.Debug|Any CPU.ActiveCfg = Debug|Any CPU
		{60FB41B2-D205-450E-A1A2-B8D2E1D4C18C}.Debug|Any CPU.Build.0 = Debug|Any CPU
		{60FB41B2-D205-450E-A1A2-B8D2E1D4C18C}.Release|Any CPU.ActiveCfg = Release|Any CPU
		{60FB41B2-D205-450E-A1A2-B8D2E1D4C18C}.Release|Any CPU.Build.0 = Release|Any CPU
		{A2F4E163-F7FB-4269-8745-6782D411160F}.Debug|Any CPU.ActiveCfg = Debug|Any CPU
		{A2F4E163-F7FB-4269-8745-6782D411160F}.Debug|Any CPU.Build.0 = Debug|Any CPU
		{A2F4E163-F7FB-4269-8745-6782D411160F}.Release|Any CPU.ActiveCfg = Release|Any CPU
		{A2F4E163-F7FB-4269-8745-6782D411160F}.Release|Any CPU.Build.0 = Release|Any CPU
		{EDC07E4E-E7F5-4347-898D-E826C1A9ED9B}.Debug|Any CPU.ActiveCfg = Debug|Any CPU
		{EDC07E4E-E7F5-4347-898D-E826C1A9ED9B}.Debug|Any CPU.Build.0 = Debug|Any CPU
		{EDC07E4E-E7F5-4347-898D-E826C1A9ED9B}.Release|Any CPU.ActiveCfg = Release|Any CPU
		{EDC07E4E-E7F5-4347-898D-E826C1A9ED9B}.Release|Any CPU.Build.0 = Release|Any CPU
		{ED4620B8-D87F-4590-8C32-17D64DDD713B}.Debug|Any CPU.ActiveCfg = Debug|Any CPU
		{ED4620B8-D87F-4590-8C32-17D64DDD713B}.Debug|Any CPU.Build.0 = Debug|Any CPU
		{ED4620B8-D87F-4590-8C32-17D64DDD713B}.Release|Any CPU.ActiveCfg = Release|Any CPU
		{ED4620B8-D87F-4590-8C32-17D64DDD713B}.Release|Any CPU.Build.0 = Release|Any CPU
		{007C5AA4-5E1C-43FE-8477-87862DA9F094}.Debug|Any CPU.ActiveCfg = Debug|Any CPU
		{007C5AA4-5E1C-43FE-8477-87862DA9F094}.Debug|Any CPU.Build.0 = Debug|Any CPU
		{007C5AA4-5E1C-43FE-8477-87862DA9F094}.Release|Any CPU.ActiveCfg = Release|Any CPU
		{007C5AA4-5E1C-43FE-8477-87862DA9F094}.Release|Any CPU.Build.0 = Release|Any CPU
	EndGlobalSection
	GlobalSection(SolutionProperties) = preSolution
		HideSolutionNode = FALSE
	EndGlobalSection
	GlobalSection(NestedProjects) = preSolution
		{6BBBEFAE-EFAE-423B-9C58-084B475961D4} = {F3770A7C-B1F6-4FA2-9489-4EBCEF40F591}
		{4D03D40A-C9C7-464A-9C6F-2763F5631734} = {F3770A7C-B1F6-4FA2-9489-4EBCEF40F591}
		{AEDC83A7-250D-4D51-8018-FC147F4FD19C} = {F3770A7C-B1F6-4FA2-9489-4EBCEF40F591}
		{F0B3B68B-974B-4561-99B2-ED51C9F0B23F} = {F3770A7C-B1F6-4FA2-9489-4EBCEF40F591}
		{DC7F546D-70A0-42C1-A0CD-1BF05CB8FF72} = {F3770A7C-B1F6-4FA2-9489-4EBCEF40F591}
		{A69A46D4-DAE2-4F91-802A-4A45C7161F84} = {F3770A7C-B1F6-4FA2-9489-4EBCEF40F591}
		{60FB41B2-D205-450E-A1A2-B8D2E1D4C18C} = {F3770A7C-B1F6-4FA2-9489-4EBCEF40F591}
		{A2F4E163-F7FB-4269-8745-6782D411160F} = {F3770A7C-B1F6-4FA2-9489-4EBCEF40F591}
		{EDC07E4E-E7F5-4347-898D-E826C1A9ED9B} = {F3770A7C-B1F6-4FA2-9489-4EBCEF40F591}
		{ED4620B8-D87F-4590-8C32-17D64DDD713B} = {F3770A7C-B1F6-4FA2-9489-4EBCEF40F591}
		{007C5AA4-5E1C-43FE-8477-87862DA9F094} = {6DD21C98-DD44-4EE7-A08E-D14D79D0270B}
	EndGlobalSection
	GlobalSection(ExtensibilityGlobals) = postSolution
		SolutionGuid = {05422D56-D490-445D-B934-35D596F29BDC}
	EndGlobalSection
EndGlobal
